
Microsoft Visual Studio Solution File, Format Version 12.00
# Visual Studio Version 17
VisualStudioVersion = 17.11.35312.102
MinimumVisualStudioVersion = 10.0.40219.1
Project("{9A19103F-16F7-4668-BE54-9A1E7A4F7556}") = "CadastroLivros.API", "CadastroLivros.API\CadastroLivros.API.csproj", "{F4275546-C276-4E08-B216-62172A68BFB3}"
EndProject
Project("{FAE04EC0-301F-11D3-BF4B-00C04F79EFBC}") = "CadastroLivros.Application", "CadastroLivros.Application\CadastroLivros.Application.csproj", "{564FB1EA-A64A-4078-AFDF-88C07EA50387}"
EndProject
Project("{FAE04EC0-301F-11D3-BF4B-00C04F79EFBC}") = "CadastroLivros.Domain", "CadastroLivros.Domain\CadastroLivros.Domain.csproj", "{8A7F8D40-C7A2-454E-8467-A79F728B15F3}"
EndProject
Project("{FAE04EC0-301F-11D3-BF4B-00C04F79EFBC}") = "CadastroLivros.Infra", "CadastroLivros.Infra\CadastroLivros.Infra.csproj", "{81DCFFDC-07BD-47B3-9397-799D35EFE2D5}"
EndProject
Project("{FAE04EC0-301F-11D3-BF4B-00C04F79EFBC}") = "CadastroLivros.Tests", "CadastroLivros.Tests\CadastroLivros.Tests.csproj", "{5C74C57D-C398-49B5-8379-0F674752FCE9}"
EndProject
Global
	GlobalSection(SolutionConfigurationPlatforms) = preSolution
		Debug|Any CPU = Debug|Any CPU
		Release|Any CPU = Release|Any CPU
	EndGlobalSection
	GlobalSection(ProjectConfigurationPlatforms) = postSolution
		{F4275546-C276-4E08-B216-62172A68BFB3}.Debug|Any CPU.ActiveCfg = Debug|Any CPU
		{F4275546-C276-4E08-B216-62172A68BFB3}.Debug|Any CPU.Build.0 = Debug|Any CPU
		{F4275546-C276-4E08-B216-62172A68BFB3}.Release|Any CPU.ActiveCfg = Release|Any CPU
		{F4275546-C276-4E08-B216-62172A68BFB3}.Release|Any CPU.Build.0 = Release|Any CPU
		{564FB1EA-A64A-4078-AFDF-88C07EA50387}.Debug|Any CPU.ActiveCfg = Debug|Any CPU
		{564FB1EA-A64A-4078-AFDF-88C07EA50387}.Debug|Any CPU.Build.0 = Debug|Any CPU
		{564FB1EA-A64A-4078-AFDF-88C07EA50387}.Release|Any CPU.ActiveCfg = Release|Any CPU
		{564FB1EA-A64A-4078-AFDF-88C07EA50387}.Release|Any CPU.Build.0 = Release|Any CPU
		{8A7F8D40-C7A2-454E-8467-A79F728B15F3}.Debug|Any CPU.ActiveCfg = Debug|Any CPU
		{8A7F8D40-C7A2-454E-8467-A79F728B15F3}.Debug|Any CPU.Build.0 = Debug|Any CPU
		{8A7F8D40-C7A2-454E-8467-A79F728B15F3}.Release|Any CPU.ActiveCfg = Release|Any CPU
		{8A7F8D40-C7A2-454E-8467-A79F728B15F3}.Release|Any CPU.Build.0 = Release|Any CPU
		{81DCFFDC-07BD-47B3-9397-799D35EFE2D5}.Debug|Any CPU.ActiveCfg = Debug|Any CPU
		{81DCFFDC-07BD-47B3-9397-799D35EFE2D5}.Debug|Any CPU.Build.0 = Debug|Any CPU
		{81DCFFDC-07BD-47B3-9397-799D35EFE2D5}.Release|Any CPU.ActiveCfg = Release|Any CPU
		{81DCFFDC-07BD-47B3-9397-799D35EFE2D5}.Release|Any CPU.Build.0 = Release|Any CPU
		{5C74C57D-C398-49B5-8379-0F674752FCE9}.Debug|Any CPU.ActiveCfg = Debug|Any CPU
		{5C74C57D-C398-49B5-8379-0F674752FCE9}.Debug|Any CPU.Build.0 = Debug|Any CPU
		{5C74C57D-C398-49B5-8379-0F674752FCE9}.Release|Any CPU.ActiveCfg = Release|Any CPU
		{5C74C57D-C398-49B5-8379-0F674752FCE9}.Release|Any CPU.Build.0 = Release|Any CPU
	EndGlobalSection
	GlobalSection(SolutionProperties) = preSolution
		HideSolutionNode = FALSE
	EndGlobalSection
	GlobalSection(ExtensibilityGlobals) = postSolution
		SolutionGuid = {64CBC02A-924A-455A-AC4C-0BE200C61C80}
	EndGlobalSection
EndGlobal
